// !$*UTF8*$!
{
	archiveVersion = 1;
	classes = {
	};
	objectVersion = 50;
	objects = {

/* Begin PBXBuildFile section */
		6958873621EC52C100782BB2 /* Assets.xcassets in Resources */ = {isa = PBXBuildFile; fileRef = 6958873521EC52C100782BB2 /* Assets.xcassets */; };
		6958874421EC52C100782BB2 /* DynamicTableViewContentTests.swift in Sources */ = {isa = PBXBuildFile; fileRef = 6958874321EC52C100782BB2 /* DynamicTableViewContentTests.swift */; };
		6958874F21EC52C100782BB2 /* DynamicTableViewContentUITests.swift in Sources */ = {isa = PBXBuildFile; fileRef = 6958874E21EC52C100782BB2 /* DynamicTableViewContentUITests.swift */; };
		6958875E21EC53B000782BB2 /* AppDelegate.swift in Sources */ = {isa = PBXBuildFile; fileRef = 6958875D21EC53B000782BB2 /* AppDelegate.swift */; };
		6958875F21EC53B000782BB2 /* AppDelegate.swift in Sources */ = {isa = PBXBuildFile; fileRef = 6958875D21EC53B000782BB2 /* AppDelegate.swift */; };
		6958876021EC53B000782BB2 /* AppDelegate.swift in Sources */ = {isa = PBXBuildFile; fileRef = 6958875D21EC53B000782BB2 /* AppDelegate.swift */; };
		6958876321EC53BB00782BB2 /* ViewController.swift in Sources */ = {isa = PBXBuildFile; fileRef = 6958876221EC53BB00782BB2 /* ViewController.swift */; };
		6958876421EC53BB00782BB2 /* ViewController.swift in Sources */ = {isa = PBXBuildFile; fileRef = 6958876221EC53BB00782BB2 /* ViewController.swift */; };
		6958876521EC53BB00782BB2 /* ViewController.swift in Sources */ = {isa = PBXBuildFile; fileRef = 6958876221EC53BB00782BB2 /* ViewController.swift */; };
		6958876F21EC53FD00782BB2 /* DynamicTableViewContent.xcdatamodeld in Sources */ = {isa = PBXBuildFile; fileRef = 6958876D21EC53FD00782BB2 /* DynamicTableViewContent.xcdatamodeld */; };
		6958877021EC53FD00782BB2 /* DynamicTableViewContent.xcdatamodeld in Sources */ = {isa = PBXBuildFile; fileRef = 6958876D21EC53FD00782BB2 /* DynamicTableViewContent.xcdatamodeld */; };
		6958877121EC53FD00782BB2 /* DynamicTableViewContent.xcdatamodeld in Sources */ = {isa = PBXBuildFile; fileRef = 6958876D21EC53FD00782BB2 /* DynamicTableViewContent.xcdatamodeld */; };
		6958877521EC545E00782BB2 /* Info.plist in Resources */ = {isa = PBXBuildFile; fileRef = 6958877321EC545E00782BB2 /* Info.plist */; };
		6958877621EC545E00782BB2 /* Info.plist in Resources */ = {isa = PBXBuildFile; fileRef = 6958877321EC545E00782BB2 /* Info.plist */; };
		6958877721EC54B400782BB2 /* Main.storyboard in Resources */ = {isa = PBXBuildFile; fileRef = 6958872F21EC52BB00782BB2 /* Main.storyboard */; };
		6958877821EC54B400782BB2 /* LaunchScreen.storyboard in Resources */ = {isa = PBXBuildFile; fileRef = 6958873721EC52C100782BB2 /* LaunchScreen.storyboard */; };
/* End PBXBuildFile section */

/* Begin PBXContainerItemProxy section */
		6958874021EC52C100782BB2 /* PBXContainerItemProxy */ = {
			isa = PBXContainerItemProxy;
			containerPortal = 6958872021EC52BB00782BB2 /* Project object */;
			proxyType = 1;
			remoteGlobalIDString = 6958872721EC52BB00782BB2;
			remoteInfo = DynamicTableViewContent;
		};
		6958874B21EC52C100782BB2 /* PBXContainerItemProxy */ = {
			isa = PBXContainerItemProxy;
			containerPortal = 6958872021EC52BB00782BB2 /* Project object */;
			proxyType = 1;
			remoteGlobalIDString = 6958872721EC52BB00782BB2;
			remoteInfo = DynamicTableViewContent;
		};
/* End PBXContainerItemProxy section */

/* Begin PBXFileReference section */
		6958872821EC52BB00782BB2 /* DynamicTableViewContent.app */ = {isa = PBXFileReference; explicitFileType = wrapper.application; includeInIndex = 0; path = DynamicTableViewContent.app; sourceTree = BUILT_PRODUCTS_DIR; };
		6958873021EC52BB00782BB2 /* Base */ = {isa = PBXFileReference; lastKnownFileType = file.storyboard; name = Base; path = Base.lproj/Main.storyboard; sourceTree = "<group>"; };
		6958873521EC52C100782BB2 /* Assets.xcassets */ = {isa = PBXFileReference; lastKnownFileType = folder.assetcatalog; path = Assets.xcassets; sourceTree = "<group>"; };
		6958873821EC52C100782BB2 /* Base */ = {isa = PBXFileReference; lastKnownFileType = file.storyboard; name = Base; path = Base.lproj/LaunchScreen.storyboard; sourceTree = "<group>"; };
		6958873F21EC52C100782BB2 /* DynamicTableViewContentTests.xctest */ = {isa = PBXFileReference; explicitFileType = wrapper.cfbundle; includeInIndex = 0; path = DynamicTableViewContentTests.xctest; sourceTree = BUILT_PRODUCTS_DIR; };
		6958874321EC52C100782BB2 /* DynamicTableViewContentTests.swift */ = {isa = PBXFileReference; lastKnownFileType = sourcecode.swift; path = DynamicTableViewContentTests.swift; sourceTree = "<group>"; };
		6958874521EC52C100782BB2 /* Info.plist */ = {isa = PBXFileReference; lastKnownFileType = text.plist.xml; path = Info.plist; sourceTree = "<group>"; };
		6958874A21EC52C100782BB2 /* DynamicTableViewContentUITests.xctest */ = {isa = PBXFileReference; explicitFileType = wrapper.cfbundle; includeInIndex = 0; path = DynamicTableViewContentUITests.xctest; sourceTree = BUILT_PRODUCTS_DIR; };
		6958874E21EC52C100782BB2 /* DynamicTableViewContentUITests.swift */ = {isa = PBXFileReference; lastKnownFileType = sourcecode.swift; path = DynamicTableViewContentUITests.swift; sourceTree = "<group>"; };
		6958875021EC52C100782BB2 /* Info.plist */ = {isa = PBXFileReference; lastKnownFileType = text.plist.xml; path = Info.plist; sourceTree = "<group>"; };
		6958875D21EC53B000782BB2 /* AppDelegate.swift */ = {isa = PBXFileReference; fileEncoding = 4; lastKnownFileType = sourcecode.swift; path = AppDelegate.swift; sourceTree = "<group>"; };
		6958876221EC53BB00782BB2 /* ViewController.swift */ = {isa = PBXFileReference; fileEncoding = 4; lastKnownFileType = sourcecode.swift; path = ViewController.swift; sourceTree = "<group>"; };
		6958876E21EC53FD00782BB2 /* DynamicTableViewContent.xcdatamodel */ = {isa = PBXFileReference; lastKnownFileType = wrapper.xcdatamodel; path = DynamicTableViewContent.xcdatamodel; sourceTree = "<group>"; };
		6958877321EC545E00782BB2 /* Info.plist */ = {isa = PBXFileReference; fileEncoding = 4; lastKnownFileType = text.plist.xml; path = Info.plist; sourceTree = "<group>"; };
/* End PBXFileReference section */

/* Begin PBXFrameworksBuildPhase section */
		6958872521EC52BB00782BB2 /* Frameworks */ = {
			isa = PBXFrameworksBuildPhase;
			buildActionMask = 2147483647;
			files = (
			);
			runOnlyForDeploymentPostprocessing = 0;
		};
		6958873C21EC52C100782BB2 /* Frameworks */ = {
			isa = PBXFrameworksBuildPhase;
			buildActionMask = 2147483647;
			files = (
			);
			runOnlyForDeploymentPostprocessing = 0;
		};
		6958874721EC52C100782BB2 /* Frameworks */ = {
			isa = PBXFrameworksBuildPhase;
			buildActionMask = 2147483647;
			files = (
			);
			runOnlyForDeploymentPostprocessing = 0;
		};
/* End PBXFrameworksBuildPhase section */

/* Begin PBXGroup section */
		6958871F21EC52BB00782BB2 = {
			isa = PBXGroup;
			children = (
				6958872A21EC52BB00782BB2 /* DynamicTableViewContent */,
				6958874221EC52C100782BB2 /* DynamicTableViewContentTests */,
				6958874D21EC52C100782BB2 /* DynamicTableViewContentUITests */,
				6958872921EC52BB00782BB2 /* Products */,
			);
			sourceTree = "<group>";
		};
		6958872921EC52BB00782BB2 /* Products */ = {
			isa = PBXGroup;
			children = (
				6958872821EC52BB00782BB2 /* DynamicTableViewContent.app */,
				6958873F21EC52C100782BB2 /* DynamicTableViewContentTests.xctest */,
				6958874A21EC52C100782BB2 /* DynamicTableViewContentUITests.xctest */,
			);
			name = Products;
			sourceTree = "<group>";
		};
		6958872A21EC52BB00782BB2 /* DynamicTableViewContent */ = {
			isa = PBXGroup;
			children = (
				6958877221EC540900782BB2 /* Assets */,
				6958876B21EC53CF00782BB2 /* StoryBoard */,
				6958875C21EC53B000782BB2 /* AppDelegate */,
				6958876121EC53BB00782BB2 /* ViewControllers */,
				6958876621EC53C400782BB2 /* Plists */,
				6958876C21EC53FD00782BB2 /* DB */,
			);
			path = DynamicTableViewContent;
			sourceTree = "<group>";
		};
		6958874221EC52C100782BB2 /* DynamicTableViewContentTests */ = {
			isa = PBXGroup;
			children = (
				6958874321EC52C100782BB2 /* DynamicTableViewContentTests.swift */,
				6958874521EC52C100782BB2 /* Info.plist */,
			);
			path = DynamicTableViewContentTests;
			sourceTree = "<group>";
		};
		6958874D21EC52C100782BB2 /* DynamicTableViewContentUITests */ = {
			isa = PBXGroup;
			children = (
				6958874E21EC52C100782BB2 /* DynamicTableViewContentUITests.swift */,
				6958875021EC52C100782BB2 /* Info.plist */,
			);
			path = DynamicTableViewContentUITests;
			sourceTree = "<group>";
		};
		6958875C21EC53B000782BB2 /* AppDelegate */ = {
			isa = PBXGroup;
			children = (
				6958875D21EC53B000782BB2 /* AppDelegate.swift */,
			);
			path = AppDelegate;
			sourceTree = "<group>";
		};
		6958876121EC53BB00782BB2 /* ViewControllers */ = {
			isa = PBXGroup;
			children = (
				6958876221EC53BB00782BB2 /* ViewController.swift */,
			);
			path = ViewControllers;
			sourceTree = "<group>";
		};
		6958876621EC53C400782BB2 /* Plists */ = {
			isa = PBXGroup;
			children = (
				6958877321EC545E00782BB2 /* Info.plist */,
			);
			path = Plists;
			sourceTree = "<group>";
		};
		6958876B21EC53CF00782BB2 /* StoryBoard */ = {
			isa = PBXGroup;
			children = (
				6958872F21EC52BB00782BB2 /* Main.storyboard */,
				6958873721EC52C100782BB2 /* LaunchScreen.storyboard */,
			);
			path = StoryBoard;
			sourceTree = "<group>";
		};
		6958876C21EC53FD00782BB2 /* DB */ = {
			isa = PBXGroup;
			children = (
				6958876D21EC53FD00782BB2 /* DynamicTableViewContent.xcdatamodeld */,
			);
			path = DB;
			sourceTree = "<group>";
		};
		6958877221EC540900782BB2 /* Assets */ = {
			isa = PBXGroup;
			children = (
				6958873521EC52C100782BB2 /* Assets.xcassets */,
			);
			path = Assets;
			sourceTree = "<group>";
		};
/* End PBXGroup section */

/* Begin PBXNativeTarget section */
		6958872721EC52BB00782BB2 /* DynamicTableViewContent */ = {
			isa = PBXNativeTarget;
			buildConfigurationList = 6958875321EC52C100782BB2 /* Build configuration list for PBXNativeTarget "DynamicTableViewContent" */;
			buildPhases = (
				6958872421EC52BB00782BB2 /* Sources */,
				6958872521EC52BB00782BB2 /* Frameworks */,
				6958872621EC52BB00782BB2 /* Resources */,
			);
			buildRules = (
			);
			dependencies = (
			);
			name = DynamicTableViewContent;
			productName = DynamicTableViewContent;
			productReference = 6958872821EC52BB00782BB2 /* DynamicTableViewContent.app */;
			productType = "com.apple.product-type.application";
		};
		6958873E21EC52C100782BB2 /* DynamicTableViewContentTests */ = {
			isa = PBXNativeTarget;
			buildConfigurationList = 6958875621EC52C100782BB2 /* Build configuration list for PBXNativeTarget "DynamicTableViewContentTests" */;
			buildPhases = (
				6958873B21EC52C100782BB2 /* Sources */,
				6958873C21EC52C100782BB2 /* Frameworks */,
				6958873D21EC52C100782BB2 /* Resources */,
			);
			buildRules = (
			);
			dependencies = (
				6958874121EC52C100782BB2 /* PBXTargetDependency */,
			);
			name = DynamicTableViewContentTests;
			productName = DynamicTableViewContentTests;
			productReference = 6958873F21EC52C100782BB2 /* DynamicTableViewContentTests.xctest */;
			productType = "com.apple.product-type.bundle.unit-test";
		};
		6958874921EC52C100782BB2 /* DynamicTableViewContentUITests */ = {
			isa = PBXNativeTarget;
			buildConfigurationList = 6958875921EC52C100782BB2 /* Build configuration list for PBXNativeTarget "DynamicTableViewContentUITests" */;
			buildPhases = (
				6958874621EC52C100782BB2 /* Sources */,
				6958874721EC52C100782BB2 /* Frameworks */,
				6958874821EC52C100782BB2 /* Resources */,
			);
			buildRules = (
			);
			dependencies = (
				6958874C21EC52C100782BB2 /* PBXTargetDependency */,
			);
			name = DynamicTableViewContentUITests;
			productName = DynamicTableViewContentUITests;
			productReference = 6958874A21EC52C100782BB2 /* DynamicTableViewContentUITests.xctest */;
			productType = "com.apple.product-type.bundle.ui-testing";
		};
/* End PBXNativeTarget section */

/* Begin PBXProject section */
		6958872021EC52BB00782BB2 /* Project object */ = {
			isa = PBXProject;
			attributes = {
				LastSwiftUpdateCheck = 0940;
				LastUpgradeCheck = 0940;
				ORGANIZATIONNAME = "Jitesh Sharma";
				TargetAttributes = {
					6958872721EC52BB00782BB2 = {
						CreatedOnToolsVersion = 9.4.1;
					};
					6958873E21EC52C100782BB2 = {
						CreatedOnToolsVersion = 9.4.1;
						TestTargetID = 6958872721EC52BB00782BB2;
					};
					6958874921EC52C100782BB2 = {
						CreatedOnToolsVersion = 9.4.1;
						TestTargetID = 6958872721EC52BB00782BB2;
					};
				};
			};
			buildConfigurationList = 6958872321EC52BB00782BB2 /* Build configuration list for PBXProject "DynamicTableViewContent" */;
			compatibilityVersion = "Xcode 9.3";
			developmentRegion = en;
			hasScannedForEncodings = 0;
			knownRegions = (
				en,
				Base,
			);
			mainGroup = 6958871F21EC52BB00782BB2;
			productRefGroup = 6958872921EC52BB00782BB2 /* Products */;
			projectDirPath = "";
			projectRoot = "";
			targets = (
				6958872721EC52BB00782BB2 /* DynamicTableViewContent */,
				6958873E21EC52C100782BB2 /* DynamicTableViewContentTests */,
				6958874921EC52C100782BB2 /* DynamicTableViewContentUITests */,
			);
		};
/* End PBXProject section */

/* Begin PBXResourcesBuildPhase section */
		6958872621EC52BB00782BB2 /* Resources */ = {
			isa = PBXResourcesBuildPhase;
			buildActionMask = 2147483647;
			files = (
				6958877721EC54B400782BB2 /* Main.storyboard in Resources */,
				6958877821EC54B400782BB2 /* LaunchScreen.storyboard in Resources */,
				6958873621EC52C100782BB2 /* Assets.xcassets in Resources */,
			);
			runOnlyForDeploymentPostprocessing = 0;
		};
		6958873D21EC52C100782BB2 /* Resources */ = {
			isa = PBXResourcesBuildPhase;
			buildActionMask = 2147483647;
			files = (
				6958877521EC545E00782BB2 /* Info.plist in Resources */,
			);
			runOnlyForDeploymentPostprocessing = 0;
		};
		6958874821EC52C100782BB2 /* Resources */ = {
			isa = PBXResourcesBuildPhase;
			buildActionMask = 2147483647;
			files = (
				6958877621EC545E00782BB2 /* Info.plist in Resources */,
			);
			runOnlyForDeploymentPostprocessing = 0;
		};
/* End PBXResourcesBuildPhase section */

/* Begin PBXSourcesBuildPhase section */
		6958872421EC52BB00782BB2 /* Sources */ = {
			isa = PBXSourcesBuildPhase;
			buildActionMask = 2147483647;
			files = (
				6958876321EC53BB00782BB2 /* ViewController.swift in Sources */,
				6958876F21EC53FD00782BB2 /* DynamicTableViewContent.xcdatamodeld in Sources */,
				6958875E21EC53B000782BB2 /* AppDelegate.swift in Sources */,
			);
			runOnlyForDeploymentPostprocessing = 0;
		};
		6958873B21EC52C100782BB2 /* Sources */ = {
			isa = PBXSourcesBuildPhase;
			buildActionMask = 2147483647;
			files = (
				6958876421EC53BB00782BB2 /* ViewController.swift in Sources */,
				6958875F21EC53B000782BB2 /* AppDelegate.swift in Sources */,
				6958874421EC52C100782BB2 /* DynamicTableViewContentTests.swift in Sources */,
				6958877021EC53FD00782BB2 /* DynamicTableViewContent.xcdatamodeld in Sources */,
			);
			runOnlyForDeploymentPostprocessing = 0;
		};
		6958874621EC52C100782BB2 /* Sources */ = {
			isa = PBXSourcesBuildPhase;
			buildActionMask = 2147483647;
			files = (
				6958876521EC53BB00782BB2 /* ViewController.swift in Sources */,
				6958876021EC53B000782BB2 /* AppDelegate.swift in Sources */,
				6958874F21EC52C100782BB2 /* DynamicTableViewContentUITests.swift in Sources */,
				6958877121EC53FD00782BB2 /* DynamicTableViewContent.xcdatamodeld in Sources */,
			);
			runOnlyForDeploymentPostprocessing = 0;
		};
/* End PBXSourcesBuildPhase section */

/* Begin PBXTargetDependency section */
		6958874121EC52C100782BB2 /* PBXTargetDependency */ = {
			isa = PBXTargetDependency;
			target = 6958872721EC52BB00782BB2 /* DynamicTableViewContent */;
			targetProxy = 6958874021EC52C100782BB2 /* PBXContainerItemProxy */;
		};
		6958874C21EC52C100782BB2 /* PBXTargetDependency */ = {
			isa = PBXTargetDependency;
			target = 6958872721EC52BB00782BB2 /* DynamicTableViewContent */;
			targetProxy = 6958874B21EC52C100782BB2 /* PBXContainerItemProxy */;
		};
/* End PBXTargetDependency section */

/* Begin PBXVariantGroup section */
		6958872F21EC52BB00782BB2 /* Main.storyboard */ = {
			isa = PBXVariantGroup;
			children = (
				6958873021EC52BB00782BB2 /* Base */,
			);
			name = Main.storyboard;
			sourceTree = "<group>";
		};
		6958873721EC52C100782BB2 /* LaunchScreen.storyboard */ = {
			isa = PBXVariantGroup;
			children = (
				6958873821EC52C100782BB2 /* Base */,
			);
			name = LaunchScreen.storyboard;
			sourceTree = "<group>";
		};
/* End PBXVariantGroup section */

/* Begin XCBuildConfiguration section */
		6958875121EC52C100782BB2 /* Debug */ = {
			isa = XCBuildConfiguration;
			buildSettings = {
				ALWAYS_SEARCH_USER_PATHS = NO;
				CLANG_ANALYZER_NONNULL = YES;
				CLANG_ANALYZER_NUMBER_OBJECT_CONVERSION = YES_AGGRESSIVE;
				CLANG_CXX_LANGUAGE_STANDARD = "gnu++14";
				CLANG_CXX_LIBRARY = "libc++";
				CLANG_ENABLE_MODULES = YES;
				CLANG_ENABLE_OBJC_ARC = YES;
				CLANG_ENABLE_OBJC_WEAK = YES;
				CLANG_WARN_BLOCK_CAPTURE_AUTORELEASING = YES;
				CLANG_WARN_BOOL_CONVERSION = YES;
				CLANG_WARN_COMMA = YES;
				CLANG_WARN_CONSTANT_CONVERSION = YES;
				CLANG_WARN_DEPRECATED_OBJC_IMPLEMENTATIONS = YES;
				CLANG_WARN_DIRECT_OBJC_ISA_USAGE = YES_ERROR;
				CLANG_WARN_DOCUMENTATION_COMMENTS = YES;
				CLANG_WARN_EMPTY_BODY = YES;
				CLANG_WARN_ENUM_CONVERSION = YES;
				CLANG_WARN_INFINITE_RECURSION = YES;
				CLANG_WARN_INT_CONVERSION = YES;
				CLANG_WARN_NON_LITERAL_NULL_CONVERSION = YES;
				CLANG_WARN_OBJC_IMPLICIT_RETAIN_SELF = YES;
				CLANG_WARN_OBJC_LITERAL_CONVERSION = YES;
				CLANG_WARN_OBJC_ROOT_CLASS = YES_ERROR;
				CLANG_WARN_RANGE_LOOP_ANALYSIS = YES;
				CLANG_WARN_STRICT_PROTOTYPES = YES;
				CLANG_WARN_SUSPICIOUS_MOVE = YES;
				CLANG_WARN_UNGUARDED_AVAILABILITY = YES_AGGRESSIVE;
				CLANG_WARN_UNREACHABLE_CODE = YES;
				CLANG_WARN__DUPLICATE_METHOD_MATCH = YES;
				CODE_SIGN_IDENTITY = "iPhone Developer";
				COPY_PHASE_STRIP = NO;
				DEBUG_INFORMATION_FORMAT = dwarf;
				ENABLE_STRICT_OBJC_MSGSEND = YES;
				ENABLE_TESTABILITY = YES;
				GCC_C_LANGUAGE_STANDARD = gnu11;
				GCC_DYNAMIC_NO_PIC = NO;
				GCC_NO_COMMON_BLOCKS = YES;
				GCC_OPTIMIZATION_LEVEL = 0;
				GCC_PREPROCESSOR_DEFINITIONS = (
					"DEBUG=1",
					"$(inherited)",
				);
				GCC_WARN_64_TO_32_BIT_CONVERSION = YES;
				GCC_WARN_ABOUT_RETURN_TYPE = YES_ERROR;
				GCC_WARN_UNDECLARED_SELECTOR = YES;
				GCC_WARN_UNINITIALIZED_AUTOS = YES_AGGRESSIVE;
				GCC_WARN_UNUSED_FUNCTION = YES;
				GCC_WARN_UNUSED_VARIABLE = YES;
				IPHONEOS_DEPLOYMENT_TARGET = 10.0;
				MTL_ENABLE_DEBUG_INFO = YES;
				ONLY_ACTIVE_ARCH = YES;
				SDKROOT = iphoneos;
				SWIFT_ACTIVE_COMPILATION_CONDITIONS = DEBUG;
				SWIFT_OPTIMIZATION_LEVEL = "-Onone";
			};
			name = Debug;
		};
		6958875221EC52C100782BB2 /* Release */ = {
			isa = XCBuildConfiguration;
			buildSettings = {
				ALWAYS_SEARCH_USER_PATHS = NO;
				CLANG_ANALYZER_NONNULL = YES;
				CLANG_ANALYZER_NUMBER_OBJECT_CONVERSION = YES_AGGRESSIVE;
				CLANG_CXX_LANGUAGE_STANDARD = "gnu++14";
				CLANG_CXX_LIBRARY = "libc++";
				CLANG_ENABLE_MODULES = YES;
				CLANG_ENABLE_OBJC_ARC = YES;
				CLANG_ENABLE_OBJC_WEAK = YES;
				CLANG_WARN_BLOCK_CAPTURE_AUTORELEASING = YES;
				CLANG_WARN_BOOL_CONVERSION = YES;
				CLANG_WARN_COMMA = YES;
				CLANG_WARN_CONSTANT_CONVERSION = YES;
				CLANG_WARN_DEPRECATED_OBJC_IMPLEMENTATIONS = YES;
				CLANG_WARN_DIRECT_OBJC_ISA_USAGE = YES_ERROR;
				CLANG_WARN_DOCUMENTATION_COMMENTS = YES;
				CLANG_WARN_EMPTY_BODY = YES;
				CLANG_WARN_ENUM_CONVERSION = YES;
				CLANG_WARN_INFINITE_RECURSION = YES;
				CLANG_WARN_INT_CONVERSION = YES;
				CLANG_WARN_NON_LITERAL_NULL_CONVERSION = YES;
				CLANG_WARN_OBJC_IMPLICIT_RETAIN_SELF = YES;
				CLANG_WARN_OBJC_LITERAL_CONVERSION = YES;
				CLANG_WARN_OBJC_ROOT_CLASS = YES_ERROR;
				CLANG_WARN_RANGE_LOOP_ANALYSIS = YES;
				CLANG_WARN_STRICT_PROTOTYPES = YES;
				CLANG_WARN_SUSPICIOUS_MOVE = YES;
				CLANG_WARN_UNGUARDED_AVAILABILITY = YES_AGGRESSIVE;
				CLANG_WARN_UNREACHABLE_CODE = YES;
				CLANG_WARN__DUPLICATE_METHOD_MATCH = YES;
				CODE_SIGN_IDENTITY = "iPhone Developer";
				COPY_PHASE_STRIP = NO;
				DEBUG_INFORMATION_FORMAT = "dwarf-with-dsym";
				ENABLE_NS_ASSERTIONS = NO;
				ENABLE_STRICT_OBJC_MSGSEND = YES;
				GCC_C_LANGUAGE_STANDARD = gnu11;
				GCC_NO_COMMON_BLOCKS = YES;
				GCC_WARN_64_TO_32_BIT_CONVERSION = YES;
				GCC_WARN_ABOUT_RETURN_TYPE = YES_ERROR;
				GCC_WARN_UNDECLARED_SELECTOR = YES;
				GCC_WARN_UNINITIALIZED_AUTOS = YES_AGGRESSIVE;
				GCC_WARN_UNUSED_FUNCTION = YES;
				GCC_WARN_UNUSED_VARIABLE = YES;
				IPHONEOS_DEPLOYMENT_TARGET = 10.0;
				MTL_ENABLE_DEBUG_INFO = NO;
				SDKROOT = iphoneos;
				SWIFT_COMPILATION_MODE = wholemodule;
				SWIFT_OPTIMIZATION_LEVEL = "-O";
				VALIDATE_PRODUCT = YES;
			};
			name = Release;
		};
		6958875421EC52C100782BB2 /* Debug */ = {
			isa = XCBuildConfiguration;
			buildSettings = {
				ASSETCATALOG_COMPILER_APPICON_NAME = AppIcon;
				CODE_SIGN_STYLE = Automatic;
				DEVELOPMENT_TEAM = L6GPK4HHXS;
				INFOPLIST_FILE = "$(SRCROOT)/DynamicTableViewContent/Plists/Info.plist";
				LD_RUNPATH_SEARCH_PATHS = (
					"$(inherited)",
					"@executable_path/Frameworks",
				);
				PRODUCT_BUNDLE_IDENTIFIER = com.Jitesh.DynamicTableViewContent;
				PRODUCT_NAME = "$(TARGET_NAME)";
				SWIFT_VERSION = 4.0;
				TARGETED_DEVICE_FAMILY = "1,2";
			};
			name = Debug;
		};
		6958875521EC52C100782BB2 /* Release */ = {
			isa = XCBuildConfiguration;
			buildSettings = {
				ASSETCATALOG_COMPILER_APPICON_NAME = AppIcon;
				CODE_SIGN_STYLE = Automatic;
				DEVELOPMENT_TEAM = L6GPK4HHXS;
				INFOPLIST_FILE = "$(SRCROOT)/DynamicTableViewContent/Plists/Info.plist";
				LD_RUNPATH_SEARCH_PATHS = (
					"$(inherited)",
					"@executable_path/Frameworks",
				);
				PRODUCT_BUNDLE_IDENTIFIER = com.Jitesh.DynamicTableViewContent;
				PRODUCT_NAME = "$(TARGET_NAME)";
				SWIFT_VERSION = 4.0;
				TARGETED_DEVICE_FAMILY = "1,2";
			};
			name = Release;
		};
		6958875721EC52C100782BB2 /* Debug */ = {
			isa = XCBuildConfiguration;
			buildSettings = {
				ALWAYS_EMBED_SWIFT_STANDARD_LIBRARIES = YES;
				BUNDLE_LOADER = "$(TEST_HOST)";
				CODE_SIGN_STYLE = Automatic;
				DEVELOPMENT_TEAM = L6GPK4HHXS;
				INFOPLIST_FILE = DynamicTableViewContentTests/Info.plist;
				LD_RUNPATH_SEARCH_PATHS = (
					"$(inherited)",
					"@executable_path/Frameworks",
					"@loader_path/Frameworks",
				);
				PRODUCT_BUNDLE_IDENTIFIER = com.Jitesh.DynamicTableViewContentTests;
				PRODUCT_NAME = "$(TARGET_NAME)";
				SWIFT_VERSION = 4.0;
				TARGETED_DEVICE_FAMILY = "1,2";
				TEST_HOST = "$(BUILT_PRODUCTS_DIR)/DynamicTableViewContent.app/DynamicTableViewContent";
			};
			name = Debug;
		};
		6958875821EC52C100782BB2 /* Release */ = {
			isa = XCBuildConfiguration;
			buildSettings = {
				ALWAYS_EMBED_SWIFT_STANDARD_LIBRARIES = YES;
				BUNDLE_LOADER = "$(TEST_HOST)";
				CODE_SIGN_STYLE = Automatic;
				DEVELOPMENT_TEAM = L6GPK4HHXS;
				INFOPLIST_FILE = DynamicTableViewContentTests/Info.plist;
				LD_RUNPATH_SEARCH_PATHS = (
					"$(inherited)",
					"@executable_path/Frameworks",
					"@loader_path/Frameworks",
				);
				PRODUCT_BUNDLE_IDENTIFIER = com.Jitesh.DynamicTableViewContentTests;
				PRODUCT_NAME = "$(TARGET_NAME)";
				SWIFT_VERSION = 4.0;
				TARGETED_DEVICE_FAMILY = "1,2";
				TEST_HOST = "$(BUILT_PRODUCTS_DIR)/DynamicTableViewContent.app/DynamicTableViewContent";
			};
			name = Release;
		};
		6958875A21EC52C100782BB2 /* Debug */ = {
			isa = XCBuildConfiguration;
			buildSettings = {
				ALWAYS_EMBED_SWIFT_STANDARD_LIBRARIES = YES;
				CODE_SIGN_STYLE = Automatic;
				DEVELOPMENT_TEAM = L6GPK4HHXS;
				INFOPLIST_FILE = DynamicTableViewContentUITests/Info.plist;
				LD_RUNPATH_SEARCH_PATHS = (
					"$(inherited)",
					"@executable_path/Frameworks",
					"@loader_path/Frameworks",
				);
				PRODUCT_BUNDLE_IDENTIFIER = com.Jitesh.DynamicTableViewContentUITests;
				PRODUCT_NAME = "$(TARGET_NAME)";
				SWIFT_VERSION = 4.0;
				TARGETED_DEVICE_FAMILY = "1,2";
				TEST_TARGET_NAME = DynamicTableViewContent;
			};
			name = Debug;
		};
		6958875B21EC52C100782BB2 /* Release */ = {
			isa = XCBuildConfiguration;
			buildSettings = {
				ALWAYS_EMBED_SWIFT_STANDARD_LIBRARIES = YES;
				CODE_SIGN_STYLE = Automatic;
				DEVELOPMENT_TEAM = L6GPK4HHXS;
				INFOPLIST_FILE = DynamicTableViewContentUITests/Info.plist;
				LD_RUNPATH_SEARCH_PATHS = (
					"$(inherited)",
					"@executable_path/Frameworks",
					"@loader_path/Frameworks",
				);
				PRODUCT_BUNDLE_IDENTIFIER = com.Jitesh.DynamicTableViewContentUITests;
				PRODUCT_NAME = "$(TARGET_NAME)";
				SWIFT_VERSION = 4.0;
				TARGETED_DEVICE_FAMILY = "1,2";
				TEST_TARGET_NAME = DynamicTableViewContent;
			};
			name = Release;
		};
/* End XCBuildConfiguration section */

/* Begin XCConfigurationList section */
		6958872321EC52BB00782BB2 /* Build configuration list for PBXProject "DynamicTableViewContent" */ = {
			isa = XCConfigurationList;
			buildConfigurations = (
				6958875121EC52C100782BB2 /* Debug */,
				6958875221EC52C100782BB2 /* Release */,
			);
			defaultConfigurationIsVisible = 0;
			defaultConfigurationName = Release;
		};
		6958875321EC52C100782BB2 /* Build configuration list for PBXNativeTarget "DynamicTableViewContent" */ = {
			isa = XCConfigurationList;
			buildConfigurations = (
				6958875421EC52C100782BB2 /* Debug */,
				6958875521EC52C100782BB2 /* Release */,
			);
			defaultConfigurationIsVisible = 0;
			defaultConfigurationName = Release;
		};
		6958875621EC52C100782BB2 /* Build configuration list for PBXNativeTarget "DynamicTableViewContentTests" */ = {
			isa = XCConfigurationList;
			buildConfigurations = (
				6958875721EC52C100782BB2 /* Debug */,
				6958875821EC52C100782BB2 /* Release */,
			);
			defaultConfigurationIsVisible = 0;
			defaultConfigurationName = Release;
		};
		6958875921EC52C100782BB2 /* Build configuration list for PBXNativeTarget "DynamicTableViewContentUITests" */ = {
			isa = XCConfigurationList;
			buildConfigurations = (
				6958875A21EC52C100782BB2 /* Debug */,
				6958875B21EC52C100782BB2 /* Release */,
			);
			defaultConfigurationIsVisible = 0;
			defaultConfigurationName = Release;
		};
/* End XCConfigurationList section */

/* Begin XCVersionGroup section */
		6958876D21EC53FD00782BB2 /* DynamicTableViewContent.xcdatamodeld */ = {
			isa = XCVersionGroup;
			children = (
				6958876E21EC53FD00782BB2 /* DynamicTableViewContent.xcdatamodel */,
			);
			currentVersion = 6958876E21EC53FD00782BB2 /* DynamicTableViewContent.xcdatamodel */;
			path = DynamicTableViewContent.xcdatamodeld;
			sourceTree = "<group>";
			versionGroupType = wrapper.xcdatamodel;
		};
/* End XCVersionGroup section */
	};
	rootObject = 6958872021EC52BB00782BB2 /* Project object */;
}
